{
  "nodes": {
    "nixpkgs": {
      "locked": {
        "lastModified": 1773628058,
        "narHash": "sha256-hpXH0z3K9xv0fHaje136KY872VT2T5uwxtezlAskQgY=",
        "owner": "NixOS",
        "repo": "nixpkgs",
        "rev": "f8573b9c935cfaa162dd62cc9e75ae2db86f85df",
        "type": "github"
      },
      "original": {
        "owner": "NixOS",
        "ref": "nixpkgs-unstable",
        "repo": "nixpkgs",
        "type": "github"
      }
    },
    "plugins-lze": {
      "flake": false,
      "locked": {
        "lastModified": 1773555725,
        "narHash": "sha256-Ii/mrCHw8kw1IN0GIROm7O0NSz1jtDligb/qDNq1P3U=",
        "owner": "BirdeeHub",
        "repo": "lze",
        "rev": "1d05835370e841c1605ec88d0541195c9410c34e",
        "type": "github"
      },
      "original": {
        "owner": "BirdeeHub",
        "repo": "lze",
        "type": "github"
      }
    },
    "plugins-lzextras": {
      "flake": false,
      "locked": {
        "lastModified": 1773555737,
        "narHash": "sha256-fG8glvgoeFRHU6fgfBTb5GUxY+2YY3QfqzVYERa7ogs=",
        "owner": "BirdeeHub",
        "repo": "lzextras",
        "rev": "88f70fe95e3a6c4dc841ebed3b23c1f92c5cde42",
        "type": "github"
      },
      "original": {
        "owner": "BirdeeHub",
        "repo": "lzextras",
        "type": "github"
      }
    },
    "root": {
      "inputs": {
        "nixpkgs": "nixpkgs",
        "plugins-lze": "plugins-lze",
        "plugins-lzextras": "plugins-lzextras",
        "wrappers": "wrappers"
      }
    },
    "wrappers": {
      "inputs": {
        "nixpkgs": [
          "nixpkgs"
        ]
      },
      "locked": {
        "lastModified": 1773822557,
        "narHash": "sha256-uBS4WOXz0xIJuB8o/hPrAeUGrUW+pBML7TE20AdQL80=",
        "owner": "BirdeeHub",
        "repo": "nix-wrapper-modules",
        "rev": "c40ea0388597621fcff52788ab25a048ee0a5d50",
        "type": "github"
      },
      "original": {
        "owner": "BirdeeHub",
        "repo": "nix-wrapper-modules",
        "type": "github"
      }
    }
  },
  "root": "root",
  "version": 7
}
